
Microsoft Visual Studio Solution File, Format Version 12.00
# Visual Studio 15
VisualStudioVersion = 15.0.27004.2002
MinimumVisualStudioVersion = 10.0.40219.1
Project("{FAE04EC0-301F-11D3-BF4B-00C04F79EFBC}") = "LiveCode4", "LiveCode4\LiveCode4.csproj", "{394AA8BE-1567-442C-A98B-DE17386001E4}"
EndProject
Global
	GlobalSection(SolutionConfigurationPlatforms) = preSolution
		Debug|Any CPU = Debug|Any CPU
		Release|Any CPU = Release|Any CPU
	EndGlobalSection
	GlobalSection(ProjectConfigurationPlatforms) = postSolution
		{394AA8BE-1567-442C-A98B-DE17386001E4}.Debug|Any CPU.ActiveCfg = Debug|Any CPU
		{394AA8BE-1567-442C-A98B-DE17386001E4}.Debug|Any CPU.Build.0 = Debug|Any CPU
		{394AA8BE-1567-442C-A98B-DE17386001E4}.Release|Any CPU.ActiveCfg = Release|Any CPU
		{394AA8BE-1567-442C-A98B-DE17386001E4}.Release|Any CPU.Build.0 = Release|Any CPU
	EndGlobalSection
	GlobalSection(SolutionProperties) = preSolution
		HideSolutionNode = FALSE
	EndGlobalSection
	GlobalSection(ExtensibilityGlobals) = postSolution
		SolutionGuid = {40899F44-55E6-4C0B-A69E-CD4582194E5C}
	EndGlobalSection
EndGlobal
